
Microsoft Visual Studio Solution File, Format Version 12.00
# Visual Studio 15
VisualStudioVersion = 15.0.28307.1401
MinimumVisualStudioVersion = 10.0.40219.1
Project("{FAE04EC0-301F-11D3-BF4B-00C04F79EFBC}") = "Sql2csv", "Sql2csv\Sql2csv.csproj", "{DD8A612B-3C6A-4639-B189-09081D23826F}"
EndProject
Global
	GlobalSection(SolutionConfigurationPlatforms) = preSolution
		Debug|Any CPU = Debug|Any CPU
		Release|Any CPU = Release|Any CPU
	EndGlobalSection
	GlobalSection(ProjectConfigurationPlatforms) = postSolution
		{DD8A612B-3C6A-4639-B189-09081D23826F}.Debug|Any CPU.ActiveCfg = Debug|Any CPU
		{DD8A612B-3C6A-4639-B189-09081D23826F}.Debug|Any CPU.Build.0 = Debug|Any CPU
		{DD8A612B-3C6A-4639-B189-09081D23826F}.Release|Any CPU.ActiveCfg = Release|Any CPU
		{DD8A612B-3C6A-4639-B189-09081D23826F}.Release|Any CPU.Build.0 = Release|Any CPU
	EndGlobalSection
	GlobalSection(SolutionProperties) = preSolution
		HideSolutionNode = FALSE
	EndGlobalSection
	GlobalSection(ExtensibilityGlobals) = postSolution
		SolutionGuid = {CA7E4827-EAF7-41C3-8D31-46EDCC2FB2D2}
	EndGlobalSection
EndGlobal
